
Microsoft Visual Studio Solution File, Format Version 12.00
# Visual Studio Version 17
VisualStudioVersion = 17.11.35312.102
MinimumVisualStudioVersion = 10.0.40219.1
Project("{FAE04EC0-301F-11D3-BF4B-00C04F79EFBC}") = "ConsoleApp1", "ConsoleApp1.csproj", "{92C0DFA4-FA66-4C13-995B-91B1B9113F15}"
EndProject
Global
	GlobalSection(SolutionConfigurationPlatforms) = preSolution
		Debug|Any CPU = Debug|Any CPU
		Release|Any CPU = Release|Any CPU
	EndGlobalSection
	GlobalSection(ProjectConfigurationPlatforms) = postSolution
		{92C0DFA4-FA66-4C13-995B-91B1B9113F15}.Debug|Any CPU.ActiveCfg = Debug|Any CPU
		{92C0DFA4-FA66-4C13-995B-91B1B9113F15}.Debug|Any CPU.Build.0 = Debug|Any CPU
		{92C0DFA4-FA66-4C13-995B-91B1B9113F15}.Release|Any CPU.ActiveCfg = Release|Any CPU
		{92C0DFA4-FA66-4C13-995B-91B1B9113F15}.Release|Any CPU.Build.0 = Release|Any CPU
	EndGlobalSection
	GlobalSection(SolutionProperties) = preSolution
		HideSolutionNode = FALSE
	EndGlobalSection
	GlobalSection(ExtensibilityGlobals) = postSolution
		SolutionGuid = {756DBF9E-0E44-48F4-95E4-48BCBCDEA51E}
	EndGlobalSection
EndGlobal
